# This file is automatically @generated by Cargo.
# It is not intended for manual editing.
version = 4

[[package]]
name = "base64"
version = "0.23.1"
source = "registry+https://github.com/rust-lang/crates.io-index"
checksum = "ac07cdecf99051d9a5238b80f35af32cdeba5b336e55d957b318b50137e18da5"

[[package]]
name = "mimi-updater-signature-verifier"
version = "0.1.0"
dependencies = [
 "base64",
 "minisign-verify",
]

[[package]]
name = "minisign-verify"
version = "0.2.5"
source = "registry+https://github.com/rust-lang/crates.io-index"
checksum = "22f9645cb765ea72b8111f36c522475d2daa0d22c957a9826437e97534bc4e9e"
